{
  "pins" : [
    {
      "identity" : "alertkit",
      "kind" : "remoteSourceControl",
      "location" : "https://github.com/sparrowcode/AlertKit.git",
      "state" : {
        "revision" : "17939549b8a7c7574c8de5b4f0c017cbbc5c79d2",
        "version" : "3.5.1"
      }
    },
    {
      "identity" : "alerttoast",
      "kind" : "remoteSourceControl",
      "location" : "https://github.com/elai950/AlertToast.git",
      "state" : {
        "revision" : "b39252eacd159904afd7d718bba0afabb87f2f2f",
        "version" : "1.3.9"
      }
    },
    {
      "identity" : "anycodable",
      "kind" : "remoteSourceControl",
      "location" : "https://github.com/Flight-School/AnyCodable.git",
      "state" : {
        "revision" : "862808b2070cd908cb04f9aafe7de83d35f81b05",
        "version" : "0.6.7"
      }
    },
    {
      "identity" : "fastis",
      "kind" : "remoteSourceControl",
      "location" : "https://github.com/simla-tech/Fastis",
      "state" : {
        "revision" : "8e20bf0a174740379b9947a77705783489776c42",
        "version" : "3.1.0"
      }
    },
    {
      "identity" : "hero",
      "kind" : "remoteSourceControl",
      "location" : "https://github.com/HeroTransitions/Hero.git",
      "state" : {
        "revision" : "66a554b21116fccf61b3aa2205a86f6b0cdc9766",
        "version" : "1.6.2"
      }
    },
    {
      "identity" : "jtapplecalendar",
      "kind" : "remoteSourceControl",
      "location" : "https://github.com/patchthecode/JTAppleCalendar",
      "state" : {
        "revision" : "718f0ab68ba0fcd2bc134f6e9d30edc1b9b038e1",
        "version" : "8.0.5"
      }
    },
    {
      "identity" : "kingfisher",
      "kind" : "remoteSourceControl",
      "location" : "https://github.com/onevcat/Kingfisher.git",
      "state" : {
        "revision" : "277f1ab2c6664b19b4a412e32b094b201e2d5757",
        "version" : "7.10.0"
      }
    },
    {
      "identity" : "multidatepicker",
      "kind" : "remoteSourceControl",
      "location" : "https://github.com/divadretlaw/MultiDatePicker",
      "state" : {
        "revision" : "1c3b34437f9c22e16f1b7366e378e736c44b6a85",
        "version" : "1.2.0"
      }
    },
    {
      "identity" : "overlaydatepicker",
      "kind" : "remoteSourceControl",
      "location" : "https://github.com/divadretlaw/OverlayDatePicker.git",
      "state" : {
        "branch" : "main",
        "revision" : "77b757d2d24980aee38ca40fa6fdacf4d56fc3f4"
      }
    },
    {
      "identity" : "prettycards",
      "kind" : "remoteSourceControl",
      "location" : "https://github.com/simla-tech/PrettyCards",
      "state" : {
        "revision" : "3115edbd79c66090729dfb261dc4fbf7c6df0ac1",
        "version" : "1.0.7"
      }
    },
    {
      "identity" : "snapkit",
      "kind" : "remoteSourceControl",
      "location" : "https://github.com/SnapKit/SnapKit.git",
      "state" : {
        "revision" : "f222cbdf325885926566172f6f5f06af95473158",
        "version" : "5.6.0"
      }
    },
    {
      "identity" : "swiftyjson",
      "kind" : "remoteSourceControl",
      "location" : "https://github.com/SwiftyJSON/SwiftyJSON.git",
      "state" : {
        "revision" : "b3dcd7dbd0d488e1a7077cb33b00f2083e382f07",
        "version" : "5.0.1"
      }
    },
    {
      "identity" : "tabbar",
      "kind" : "remoteSourceControl",
      "location" : "https://github.com/onl1ner/TabBar.git",
      "state" : {
        "revision" : "995e6bc32829d0a0f5300d6f49b654412068dbbe",
        "version" : "1.3.0"
      }
    }
  ],
  "version" : 2
}
