// !$*UTF8*$!
{
	archiveVersion = 1;
	classes = {
	};
	objectVersion = 56;
	objects = {

/* Begin PBXBuildFile section */
		8B46A54B2AF4962F001FB5E2 /* WeaponRecord.swift in Sources */ = {isa = PBXBuildFile; fileRef = 8B46A54A2AF4962F001FB5E2 /* WeaponRecord.swift */; };
		8B46A54D2AF4BE99001FB5E2 /* EquipmentsQuery.swift in Sources */ = {isa = PBXBuildFile; fileRef = 8B46A54C2AF4BE99001FB5E2 /* EquipmentsQuery.swift */; };
		8B46A54F2AF4CA0F001FB5E2 /* DetailVotingStatusQuery.swift in Sources */ = {isa = PBXBuildFile; fileRef = 8B46A54E2AF4CA0F001FB5E2 /* DetailVotingStatusQuery.swift */; };
		8B46A5512AF4D5BB001FB5E2 /* FestRecord.swift in Sources */ = {isa = PBXBuildFile; fileRef = 8B46A5502AF4D5BB001FB5E2 /* FestRecord.swift */; };
		8B46A5532AF507F1001FB5E2 /* BattleHistories.swift in Sources */ = {isa = PBXBuildFile; fileRef = 8B46A5522AF507F1001FB5E2 /* BattleHistories.swift */; };
		8B46A5592AF52E91001FB5E2 /* CoopHistories.swift in Sources */ = {isa = PBXBuildFile; fileRef = 8B46A5582AF52E91001FB5E2 /* CoopHistories.swift */; };
		8B46A55B2AF5C7D5001FB5E2 /* Splatoon3Ink.swift in Sources */ = {isa = PBXBuildFile; fileRef = 8B46A55A2AF5C7D5001FB5E2 /* Splatoon3Ink.swift */; };
		8B596B882AF34025006FA8F8 /* RequestID.swift in Sources */ = {isa = PBXBuildFile; fileRef = 8B596B872AF34025006FA8F8 /* RequestID.swift */; };
		8B596B8A2AF34076006FA8F8 /* FriendList.swift in Sources */ = {isa = PBXBuildFile; fileRef = 8B596B892AF34076006FA8F8 /* FriendList.swift */; };
		8B596B8C2AF35465006FA8F8 /* FriendsView.swift in Sources */ = {isa = PBXBuildFile; fileRef = 8B596B8B2AF35465006FA8F8 /* FriendsView.swift */; };
		8B596B8E2AF35671006FA8F8 /* FriendView.swift in Sources */ = {isa = PBXBuildFile; fileRef = 8B596B8D2AF35671006FA8F8 /* FriendView.swift */; };
		8B596B902AF38634006FA8F8 /* Style.swift in Sources */ = {isa = PBXBuildFile; fileRef = 8B596B8F2AF38634006FA8F8 /* Style.swift */; };
		8B596B932AF3CD39006FA8F8 /* HistoryRecord.swift in Sources */ = {isa = PBXBuildFile; fileRef = 8B596B922AF3CD39006FA8F8 /* HistoryRecord.swift */; };
		8B596B962AF3D6A4006FA8F8 /* AnyCodable in Frameworks */ = {isa = PBXBuildFile; productRef = 8B596B952AF3D6A4006FA8F8 /* AnyCodable */; };
		8B596B982AF44E58006FA8F8 /* Assets.xcassets in Resources */ = {isa = PBXBuildFile; fileRef = 8B596B972AF44E58006FA8F8 /* Assets.xcassets */; };
		8B596B9B2AF4567E006FA8F8 /* AlertToast in Frameworks */ = {isa = PBXBuildFile; productRef = 8B596B9A2AF4567E006FA8F8 /* AlertToast */; };
		8B596B9D2AF46489006FA8F8 /* CatalogQuery.swift in Sources */ = {isa = PBXBuildFile; fileRef = 8B596B9C2AF46489006FA8F8 /* CatalogQuery.swift */; };
		8B9BFDFB2AF20BCE005F5FB8 /* InkCompanionApp.swift in Sources */ = {isa = PBXBuildFile; fileRef = 8B9BFDFA2AF20BCE005F5FB8 /* InkCompanionApp.swift */; };
		8B9BFDFD2AF20BCE005F5FB8 /* Persistence.swift in Sources */ = {isa = PBXBuildFile; fileRef = 8B9BFDFC2AF20BCE005F5FB8 /* Persistence.swift */; };
		8B9BFE002AF20BCE005F5FB8 /* InkCompanion.xcdatamodeld in Sources */ = {isa = PBXBuildFile; fileRef = 8B9BFDFE2AF20BCE005F5FB8 /* InkCompanion.xcdatamodeld */; };
		8B9BFE042AF20BD0005F5FB8 /* Assets.xcassets in Resources */ = {isa = PBXBuildFile; fileRef = 8B9BFE032AF20BD0005F5FB8 /* Assets.xcassets */; };
		8B9BFE082AF20BD0005F5FB8 /* Preview Assets.xcassets in Resources */ = {isa = PBXBuildFile; fileRef = 8B9BFE072AF20BD0005F5FB8 /* Preview Assets.xcassets */; };
		8B9BFE132AF20BD0005F5FB8 /* InkCompanionTests.swift in Sources */ = {isa = PBXBuildFile; fileRef = 8B9BFE122AF20BD0005F5FB8 /* InkCompanionTests.swift */; };
		8B9BFE1D2AF20BD0005F5FB8 /* InkCompanionUITests.swift in Sources */ = {isa = PBXBuildFile; fileRef = 8B9BFE1C2AF20BD0005F5FB8 /* InkCompanionUITests.swift */; };
		8B9BFE1F2AF20BD0005F5FB8 /* InkCompanionUITestsLaunchTests.swift in Sources */ = {isa = PBXBuildFile; fileRef = 8B9BFE1E2AF20BD0005F5FB8 /* InkCompanionUITestsLaunchTests.swift */; };
		8B9BFE4B2AF20BDC005F5FB8 /* IkachanIntents.strings in Resources */ = {isa = PBXBuildFile; fileRef = 8B9BFE2C2AF20BDC005F5FB8 /* IkachanIntents.strings */; };
		8B9BFE4C2AF20BDC005F5FB8 /* Localizable.strings in Resources */ = {isa = PBXBuildFile; fileRef = 8B9BFE2E2AF20BDC005F5FB8 /* Localizable.strings */; };
		8B9BFE4D2AF20BDC005F5FB8 /* Assets.xcassets in Resources */ = {isa = PBXBuildFile; fileRef = 8B9BFE342AF20BDC005F5FB8 /* Assets.xcassets */; };
		8B9BFE4E2AF20BDC005F5FB8 /* Date.swift in Sources */ = {isa = PBXBuildFile; fileRef = 8B9BFE362AF20BDC005F5FB8 /* Date.swift */; };
		8B9BFE4F2AF20BDC005F5FB8 /* KFImage.swift in Sources */ = {isa = PBXBuildFile; fileRef = 8B9BFE382AF20BDC005F5FB8 /* KFImage.swift */; };
		8B9BFE502AF20BDC005F5FB8 /* Image.swift in Sources */ = {isa = PBXBuildFile; fileRef = 8B9BFE392AF20BDC005F5FB8 /* Image.swift */; };
		8B9BFE512AF20BDC005F5FB8 /* Color.swift in Sources */ = {isa = PBXBuildFile; fileRef = 8B9BFE3A2AF20BDC005F5FB8 /* Color.swift */; };
		8B9BFE522AF20BDC005F5FB8 /* Collection.swift in Sources */ = {isa = PBXBuildFile; fileRef = 8B9BFE3B2AF20BDC005F5FB8 /* Collection.swift */; };
		8B9BFE532AF20BDC005F5FB8 /* SwiftJSON.swift in Sources */ = {isa = PBXBuildFile; fileRef = 8B9BFE3C2AF20BDC005F5FB8 /* SwiftJSON.swift */; };
		8B9BFE542AF20BDC005F5FB8 /* String.swift in Sources */ = {isa = PBXBuildFile; fileRef = 8B9BFE3D2AF20BDC005F5FB8 /* String.swift */; };
		8B9BFE552AF20BDC005F5FB8 /* API.swift in Sources */ = {isa = PBXBuildFile; fileRef = 8B9BFE3E2AF20BDC005F5FB8 /* API.swift */; };
		8B9BFE562AF20BDC005F5FB8 /* Constant.swift in Sources */ = {isa = PBXBuildFile; fileRef = 8B9BFE402AF20BDC005F5FB8 /* Constant.swift */; };
		8B9BFE572AF20BDC005F5FB8 /* Weapon_.swift in Sources */ = {isa = PBXBuildFile; fileRef = 8B9BFE412AF20BDC005F5FB8 /* Weapon_.swift */; };
		8B9BFE582AF20BDC005F5FB8 /* Game.swift in Sources */ = {isa = PBXBuildFile; fileRef = 8B9BFE422AF20BDC005F5FB8 /* Game.swift */; };
		8B9BFE592AF20BDC005F5FB8 /* Splatfest.swift in Sources */ = {isa = PBXBuildFile; fileRef = 8B9BFE432AF20BDC005F5FB8 /* Splatfest.swift */; };
		8B9BFE5A2AF20BDC005F5FB8 /* Mode.swift in Sources */ = {isa = PBXBuildFile; fileRef = 8B9BFE442AF20BDC005F5FB8 /* Mode.swift */; };
		8B9BFE5B2AF20BDC005F5FB8 /* Shift.swift in Sources */ = {isa = PBXBuildFile; fileRef = 8B9BFE452AF20BDC005F5FB8 /* Shift.swift */; };
		8B9BFE5C2AF20BDC005F5FB8 /* Schedule.swift in Sources */ = {isa = PBXBuildFile; fileRef = 8B9BFE462AF20BDC005F5FB8 /* Schedule.swift */; };
		8B9BFE5D2AF20BDC005F5FB8 /* Stage.swift in Sources */ = {isa = PBXBuildFile; fileRef = 8B9BFE472AF20BDC005F5FB8 /* Stage.swift */; };
		8B9BFE5E2AF20BDC005F5FB8 /* Rule.swift in Sources */ = {isa = PBXBuildFile; fileRef = 8B9BFE482AF20BDC005F5FB8 /* Rule.swift */; };
		8B9BFE5F2AF20BDC005F5FB8 /* IkachanIntents.intentdefinition in Sources */ = {isa = PBXBuildFile; fileRef = 8B9BFE492AF20BDC005F5FB8 /* IkachanIntents.intentdefinition */; };
		8B9BFE6E2AF20BF0005F5FB8 /* LoginView.swift in Sources */ = {isa = PBXBuildFile; fileRef = 8B9BFE612AF20BF0005F5FB8 /* LoginView.swift */; };
		8B9BFE6F2AF20BF0005F5FB8 /* ShiftsView.swift in Sources */ = {isa = PBXBuildFile; fileRef = 8B9BFE622AF20BF0005F5FB8 /* ShiftsView.swift */; };
		8B9BFE702AF20BF0005F5FB8 /* SchedulesScrollView.swift in Sources */ = {isa = PBXBuildFile; fileRef = 8B9BFE642AF20BF0005F5FB8 /* SchedulesScrollView.swift */; };
		8B9BFE712AF20BF0005F5FB8 /* ShiftView.swift in Sources */ = {isa = PBXBuildFile; fileRef = 8B9BFE652AF20BF0005F5FB8 /* ShiftView.swift */; };
		8B9BFE722AF20BF0005F5FB8 /* IconView.swift in Sources */ = {isa = PBXBuildFile; fileRef = 8B9BFE662AF20BF0005F5FB8 /* IconView.swift */; };
		8B9BFE732AF20BF0005F5FB8 /* WeaponView.swift in Sources */ = {isa = PBXBuildFile; fileRef = 8B9BFE672AF20BF0005F5FB8 /* WeaponView.swift */; };
		8B9BFE742AF20BF0005F5FB8 /* ScheduleBaseView.swift in Sources */ = {isa = PBXBuildFile; fileRef = 8B9BFE682AF20BF0005F5FB8 /* ScheduleBaseView.swift */; };
		8B9BFE752AF20BF0005F5FB8 /* ScheduleView.swift in Sources */ = {isa = PBXBuildFile; fileRef = 8B9BFE692AF20BF0005F5FB8 /* ScheduleView.swift */; };
		8B9BFE762AF20BF0005F5FB8 /* StageView.swift in Sources */ = {isa = PBXBuildFile; fileRef = 8B9BFE6A2AF20BF0005F5FB8 /* StageView.swift */; };
		8B9BFE772AF20BF0005F5FB8 /* SchedulesView.swift in Sources */ = {isa = PBXBuildFile; fileRef = 8B9BFE6B2AF20BF0005F5FB8 /* SchedulesView.swift */; };
		8B9BFE782AF20BF0005F5FB8 /* SettingView.swift in Sources */ = {isa = PBXBuildFile; fileRef = 8B9BFE6C2AF20BF0005F5FB8 /* SettingView.swift */; };
		8B9BFE792AF20BF0005F5FB8 /* ContentView.swift in Sources */ = {isa = PBXBuildFile; fileRef = 8B9BFE6D2AF20BF0005F5FB8 /* ContentView.swift */; };
		8B9BFE7E2AF20BF3005F5FB8 /* LoginAPI.swift in Sources */ = {isa = PBXBuildFile; fileRef = 8B9BFE7B2AF20BF3005F5FB8 /* LoginAPI.swift */; };
		8B9BFE7F2AF20BF3005F5FB8 /* fAPI.swift in Sources */ = {isa = PBXBuildFile; fileRef = 8B9BFE7C2AF20BF3005F5FB8 /* fAPI.swift */; };
		8B9BFE802AF20BF3005F5FB8 /* Fetch.swift in Sources */ = {isa = PBXBuildFile; fileRef = 8B9BFE7D2AF20BF3005F5FB8 /* Fetch.swift */; };
		8B9BFE832AF20BF7005F5FB8 /* KeyChainStorage.swift in Sources */ = {isa = PBXBuildFile; fileRef = 8B9BFE822AF20BF7005F5FB8 /* KeyChainStorage.swift */; };
		8B9BFE872AF20BFE005F5FB8 /* Fortune.swift in Sources */ = {isa = PBXBuildFile; fileRef = 8B9BFE852AF20BFE005F5FB8 /* Fortune.swift */; };
		8B9BFE882AF20BFE005F5FB8 /* ModelData.swift in Sources */ = {isa = PBXBuildFile; fileRef = 8B9BFE862AF20BFE005F5FB8 /* ModelData.swift */; };
		8B9BFE8A2AF20C05005F5FB8 /* DataController.swift in Sources */ = {isa = PBXBuildFile; fileRef = 8B9BFE892AF20C05005F5FB8 /* DataController.swift */; };
		8B9BFE8D2AF20C55005F5FB8 /* Kingfisher in Frameworks */ = {isa = PBXBuildFile; productRef = 8B9BFE8C2AF20C55005F5FB8 /* Kingfisher */; };
		8B9BFE902AF20C5C005F5FB8 /* SwiftyJSON in Frameworks */ = {isa = PBXBuildFile; productRef = 8B9BFE8F2AF20C5C005F5FB8 /* SwiftyJSON */; };
/* End PBXBuildFile section */

/* Begin PBXContainerItemProxy section */
		8B9BFE0F2AF20BD0005F5FB8 /* PBXContainerItemProxy */ = {
			isa = PBXContainerItemProxy;
			containerPortal = 8B9BFDEF2AF20BCE005F5FB8 /* Project object */;
			proxyType = 1;
			remoteGlobalIDString = 8B9BFDF62AF20BCE005F5FB8;
			remoteInfo = InkCompanion;
		};
		8B9BFE192AF20BD0005F5FB8 /* PBXContainerItemProxy */ = {
			isa = PBXContainerItemProxy;
			containerPortal = 8B9BFDEF2AF20BCE005F5FB8 /* Project object */;
			proxyType = 1;
			remoteGlobalIDString = 8B9BFDF62AF20BCE005F5FB8;
			remoteInfo = InkCompanion;
		};
/* End PBXContainerItemProxy section */

/* Begin PBXFileReference section */
		8B46A54A2AF4962F001FB5E2 /* WeaponRecord.swift */ = {isa = PBXFileReference; lastKnownFileType = sourcecode.swift; path = WeaponRecord.swift; sourceTree = "<group>"; };
		8B46A54C2AF4BE99001FB5E2 /* EquipmentsQuery.swift */ = {isa = PBXFileReference; lastKnownFileType = sourcecode.swift; path = EquipmentsQuery.swift; sourceTree = "<group>"; };
		8B46A54E2AF4CA0F001FB5E2 /* DetailVotingStatusQuery.swift */ = {isa = PBXFileReference; lastKnownFileType = sourcecode.swift; path = DetailVotingStatusQuery.swift; sourceTree = "<group>"; };
		8B46A5502AF4D5BB001FB5E2 /* FestRecord.swift */ = {isa = PBXFileReference; lastKnownFileType = sourcecode.swift; path = FestRecord.swift; sourceTree = "<group>"; };
		8B46A5522AF507F1001FB5E2 /* BattleHistories.swift */ = {isa = PBXFileReference; lastKnownFileType = sourcecode.swift; path = BattleHistories.swift; sourceTree = "<group>"; };
		8B46A5582AF52E91001FB5E2 /* CoopHistories.swift */ = {isa = PBXFileReference; lastKnownFileType = sourcecode.swift; path = CoopHistories.swift; sourceTree = "<group>"; };
		8B46A55A2AF5C7D5001FB5E2 /* Splatoon3Ink.swift */ = {isa = PBXFileReference; lastKnownFileType = sourcecode.swift; path = Splatoon3Ink.swift; sourceTree = "<group>"; };
		8B596B872AF34025006FA8F8 /* RequestID.swift */ = {isa = PBXFileReference; lastKnownFileType = sourcecode.swift; path = RequestID.swift; sourceTree = "<group>"; };
		8B596B892AF34076006FA8F8 /* FriendList.swift */ = {isa = PBXFileReference; lastKnownFileType = sourcecode.swift; path = FriendList.swift; sourceTree = "<group>"; };
		8B596B8B2AF35465006FA8F8 /* FriendsView.swift */ = {isa = PBXFileReference; lastKnownFileType = sourcecode.swift; path = FriendsView.swift; sourceTree = "<group>"; };
		8B596B8D2AF35671006FA8F8 /* FriendView.swift */ = {isa = PBXFileReference; lastKnownFileType = sourcecode.swift; path = FriendView.swift; sourceTree = "<group>"; };
		8B596B8F2AF38634006FA8F8 /* Style.swift */ = {isa = PBXFileReference; lastKnownFileType = sourcecode.swift; path = Style.swift; sourceTree = "<group>"; };
		8B596B922AF3CD39006FA8F8 /* HistoryRecord.swift */ = {isa = PBXFileReference; lastKnownFileType = sourcecode.swift; path = HistoryRecord.swift; sourceTree = "<group>"; };
		8B596B972AF44E58006FA8F8 /* Assets.xcassets */ = {isa = PBXFileReference; lastKnownFileType = folder.assetcatalog; name = Assets.xcassets; path = ../../Ikachan/Shared/Assets.xcassets; sourceTree = "<group>"; };
		8B596B9C2AF46489006FA8F8 /* CatalogQuery.swift */ = {isa = PBXFileReference; lastKnownFileType = sourcecode.swift; path = CatalogQuery.swift; sourceTree = "<group>"; };
		8B9BFDF72AF20BCE005F5FB8 /* InkCompanion.app */ = {isa = PBXFileReference; explicitFileType = wrapper.application; includeInIndex = 0; path = InkCompanion.app; sourceTree = BUILT_PRODUCTS_DIR; };
		8B9BFDFA2AF20BCE005F5FB8 /* InkCompanionApp.swift */ = {isa = PBXFileReference; lastKnownFileType = sourcecode.swift; path = InkCompanionApp.swift; sourceTree = "<group>"; };
		8B9BFDFC2AF20BCE005F5FB8 /* Persistence.swift */ = {isa = PBXFileReference; lastKnownFileType = sourcecode.swift; path = Persistence.swift; sourceTree = "<group>"; };
		8B9BFDFF2AF20BCE005F5FB8 /* InkCompanion.xcdatamodel */ = {isa = PBXFileReference; lastKnownFileType = wrapper.xcdatamodel; path = InkCompanion.xcdatamodel; sourceTree = "<group>"; };
		8B9BFE032AF20BD0005F5FB8 /* Assets.xcassets */ = {isa = PBXFileReference; lastKnownFileType = folder.assetcatalog; path = Assets.xcassets; sourceTree = "<group>"; };
		8B9BFE052AF20BD0005F5FB8 /* InkCompanion.entitlements */ = {isa = PBXFileReference; lastKnownFileType = text.plist.entitlements; path = InkCompanion.entitlements; sourceTree = "<group>"; };
		8B9BFE072AF20BD0005F5FB8 /* Preview Assets.xcassets */ = {isa = PBXFileReference; lastKnownFileType = folder.assetcatalog; path = "Preview Assets.xcassets"; sourceTree = "<group>"; };
		8B9BFE092AF20BD0005F5FB8 /* Info.plist */ = {isa = PBXFileReference; lastKnownFileType = text.plist.xml; path = Info.plist; sourceTree = "<group>"; };
		8B9BFE0E2AF20BD0005F5FB8 /* InkCompanionTests.xctest */ = {isa = PBXFileReference; explicitFileType = wrapper.cfbundle; includeInIndex = 0; path = InkCompanionTests.xctest; sourceTree = BUILT_PRODUCTS_DIR; };
		8B9BFE122AF20BD0005F5FB8 /* InkCompanionTests.swift */ = {isa = PBXFileReference; lastKnownFileType = sourcecode.swift; path = InkCompanionTests.swift; sourceTree = "<group>"; };
		8B9BFE182AF20BD0005F5FB8 /* InkCompanionUITests.xctest */ = {isa = PBXFileReference; explicitFileType = wrapper.cfbundle; includeInIndex = 0; path = InkCompanionUITests.xctest; sourceTree = BUILT_PRODUCTS_DIR; };
		8B9BFE1C2AF20BD0005F5FB8 /* InkCompanionUITests.swift */ = {isa = PBXFileReference; lastKnownFileType = sourcecode.swift; path = InkCompanionUITests.swift; sourceTree = "<group>"; };
		8B9BFE1E2AF20BD0005F5FB8 /* InkCompanionUITestsLaunchTests.swift */ = {isa = PBXFileReference; lastKnownFileType = sourcecode.swift; path = InkCompanionUITestsLaunchTests.swift; sourceTree = "<group>"; };
		8B9BFE2D2AF20BDC005F5FB8 /* zh-Hans */ = {isa = PBXFileReference; lastKnownFileType = text.plist.strings; name = "zh-Hans"; path = "zh-Hans.lproj/IkachanIntents.strings"; sourceTree = "<group>"; };
		8B9BFE2F2AF20BDC005F5FB8 /* zh-Hans */ = {isa = PBXFileReference; lastKnownFileType = text.plist.strings; name = "zh-Hans"; path = "zh-Hans.lproj/Localizable.strings"; sourceTree = "<group>"; };
		8B9BFE302AF20BDC005F5FB8 /* ja */ = {isa = PBXFileReference; lastKnownFileType = text.plist.strings; name = ja; path = ja.lproj/IkachanIntents.strings; sourceTree = "<group>"; };
		8B9BFE312AF20BDC005F5FB8 /* ja */ = {isa = PBXFileReference; lastKnownFileType = text.plist.strings; name = ja; path = ja.lproj/Localizable.strings; sourceTree = "<group>"; };
		8B9BFE322AF20BDC005F5FB8 /* en */ = {isa = PBXFileReference; lastKnownFileType = text.plist.strings; name = en; path = en.lproj/IkachanIntents.strings; sourceTree = "<group>"; };
		8B9BFE332AF20BDC005F5FB8 /* en */ = {isa = PBXFileReference; lastKnownFileType = text.plist.strings; name = en; path = en.lproj/Localizable.strings; sourceTree = "<group>"; };
		8B9BFE342AF20BDC005F5FB8 /* Assets.xcassets */ = {isa = PBXFileReference; lastKnownFileType = folder.assetcatalog; path = Assets.xcassets; sourceTree = "<group>"; };
		8B9BFE362AF20BDC005F5FB8 /* Date.swift */ = {isa = PBXFileReference; fileEncoding = 4; lastKnownFileType = sourcecode.swift; path = Date.swift; sourceTree = "<group>"; };
		8B9BFE382AF20BDC005F5FB8 /* KFImage.swift */ = {isa = PBXFileReference; fileEncoding = 4; lastKnownFileType = sourcecode.swift; path = KFImage.swift; sourceTree = "<group>"; };
		8B9BFE392AF20BDC005F5FB8 /* Image.swift */ = {isa = PBXFileReference; fileEncoding = 4; lastKnownFileType = sourcecode.swift; path = Image.swift; sourceTree = "<group>"; };
		8B9BFE3A2AF20BDC005F5FB8 /* Color.swift */ = {isa = PBXFileReference; fileEncoding = 4; lastKnownFileType = sourcecode.swift; path = Color.swift; sourceTree = "<group>"; };
		8B9BFE3B2AF20BDC005F5FB8 /* Collection.swift */ = {isa = PBXFileReference; fileEncoding = 4; lastKnownFileType = sourcecode.swift; path = Collection.swift; sourceTree = "<group>"; };
		8B9BFE3C2AF20BDC005F5FB8 /* SwiftJSON.swift */ = {isa = PBXFileReference; fileEncoding = 4; lastKnownFileType = sourcecode.swift; path = SwiftJSON.swift; sourceTree = "<group>"; };
		8B9BFE3D2AF20BDC005F5FB8 /* String.swift */ = {isa = PBXFileReference; fileEncoding = 4; lastKnownFileType = sourcecode.swift; path = String.swift; sourceTree = "<group>"; };
		8B9BFE3E2AF20BDC005F5FB8 /* API.swift */ = {isa = PBXFileReference; fileEncoding = 4; lastKnownFileType = sourcecode.swift; path = API.swift; sourceTree = "<group>"; };
		8B9BFE402AF20BDC005F5FB8 /* Constant.swift */ = {isa = PBXFileReference; fileEncoding = 4; lastKnownFileType = sourcecode.swift; path = Constant.swift; sourceTree = "<group>"; };
		8B9BFE412AF20BDC005F5FB8 /* Weapon_.swift */ = {isa = PBXFileReference; fileEncoding = 4; lastKnownFileType = sourcecode.swift; path = Weapon_.swift; sourceTree = "<group>"; };
		8B9BFE422AF20BDC005F5FB8 /* Game.swift */ = {isa = PBXFileReference; fileEncoding = 4; lastKnownFileType = sourcecode.swift; path = Game.swift; sourceTree = "<group>"; };
		8B9BFE432AF20BDC005F5FB8 /* Splatfest.swift */ = {isa = PBXFileReference; fileEncoding = 4; lastKnownFileType = sourcecode.swift; path = Splatfest.swift; sourceTree = "<group>"; };
		8B9BFE442AF20BDC005F5FB8 /* Mode.swift */ = {isa = PBXFileReference; fileEncoding = 4; lastKnownFileType = sourcecode.swift; path = Mode.swift; sourceTree = "<group>"; };
		8B9BFE452AF20BDC005F5FB8 /* Shift.swift */ = {isa = PBXFileReference; fileEncoding = 4; lastKnownFileType = sourcecode.swift; path = Shift.swift; sourceTree = "<group>"; };
		8B9BFE462AF20BDC005F5FB8 /* Schedule.swift */ = {isa = PBXFileReference; fileEncoding = 4; lastKnownFileType = sourcecode.swift; path = Schedule.swift; sourceTree = "<group>"; };
		8B9BFE472AF20BDC005F5FB8 /* Stage.swift */ = {isa = PBXFileReference; fileEncoding = 4; lastKnownFileType = sourcecode.swift; path = Stage.swift; sourceTree = "<group>"; };
		8B9BFE482AF20BDC005F5FB8 /* Rule.swift */ = {isa = PBXFileReference; fileEncoding = 4; lastKnownFileType = sourcecode.swift; path = Rule.swift; sourceTree = "<group>"; };
		8B9BFE4A2AF20BDC005F5FB8 /* Base */ = {isa = PBXFileReference; lastKnownFileType = file.intentdefinition; name = Base; path = Base.lproj/IkachanIntents.intentdefinition; sourceTree = "<group>"; };
		8B9BFE612AF20BF0005F5FB8 /* LoginView.swift */ = {isa = PBXFileReference; fileEncoding = 4; lastKnownFileType = sourcecode.swift; path = LoginView.swift; sourceTree = "<group>"; };
		8B9BFE622AF20BF0005F5FB8 /* ShiftsView.swift */ = {isa = PBXFileReference; fileEncoding = 4; lastKnownFileType = sourcecode.swift; path = ShiftsView.swift; sourceTree = "<group>"; };
		8B9BFE642AF20BF0005F5FB8 /* SchedulesScrollView.swift */ = {isa = PBXFileReference; fileEncoding = 4; lastKnownFileType = sourcecode.swift; path = SchedulesScrollView.swift; sourceTree = "<group>"; };
		8B9BFE652AF20BF0005F5FB8 /* ShiftView.swift */ = {isa = PBXFileReference; fileEncoding = 4; lastKnownFileType = sourcecode.swift; path = ShiftView.swift; sourceTree = "<group>"; };
		8B9BFE662AF20BF0005F5FB8 /* IconView.swift */ = {isa = PBXFileReference; fileEncoding = 4; lastKnownFileType = sourcecode.swift; path = IconView.swift; sourceTree = "<group>"; };
		8B9BFE672AF20BF0005F5FB8 /* WeaponView.swift */ = {isa = PBXFileReference; fileEncoding = 4; lastKnownFileType = sourcecode.swift; path = WeaponView.swift; sourceTree = "<group>"; };
		8B9BFE682AF20BF0005F5FB8 /* ScheduleBaseView.swift */ = {isa = PBXFileReference; fileEncoding = 4; lastKnownFileType = sourcecode.swift; path = ScheduleBaseView.swift; sourceTree = "<group>"; };
		8B9BFE692AF20BF0005F5FB8 /* ScheduleView.swift */ = {isa = PBXFileReference; fileEncoding = 4; lastKnownFileType = sourcecode.swift; path = ScheduleView.swift; sourceTree = "<group>"; };
		8B9BFE6A2AF20BF0005F5FB8 /* StageView.swift */ = {isa = PBXFileReference; fileEncoding = 4; lastKnownFileType = sourcecode.swift; path = StageView.swift; sourceTree = "<group>"; };
		8B9BFE6B2AF20BF0005F5FB8 /* SchedulesView.swift */ = {isa = PBXFileReference; fileEncoding = 4; lastKnownFileType = sourcecode.swift; path = SchedulesView.swift; sourceTree = "<group>"; };
		8B9BFE6C2AF20BF0005F5FB8 /* SettingView.swift */ = {isa = PBXFileReference; fileEncoding = 4; lastKnownFileType = sourcecode.swift; path = SettingView.swift; sourceTree = "<group>"; };
		8B9BFE6D2AF20BF0005F5FB8 /* ContentView.swift */ = {isa = PBXFileReference; fileEncoding = 4; lastKnownFileType = sourcecode.swift; path = ContentView.swift; sourceTree = "<group>"; };
		8B9BFE7B2AF20BF3005F5FB8 /* LoginAPI.swift */ = {isa = PBXFileReference; fileEncoding = 4; lastKnownFileType = sourcecode.swift; path = LoginAPI.swift; sourceTree = "<group>"; };
		8B9BFE7C2AF20BF3005F5FB8 /* fAPI.swift */ = {isa = PBXFileReference; fileEncoding = 4; lastKnownFileType = sourcecode.swift; path = fAPI.swift; sourceTree = "<group>"; };
		8B9BFE7D2AF20BF3005F5FB8 /* Fetch.swift */ = {isa = PBXFileReference; fileEncoding = 4; lastKnownFileType = sourcecode.swift; path = Fetch.swift; sourceTree = "<group>"; };
		8B9BFE822AF20BF7005F5FB8 /* KeyChainStorage.swift */ = {isa = PBXFileReference; fileEncoding = 4; lastKnownFileType = sourcecode.swift; path = KeyChainStorage.swift; sourceTree = "<group>"; };
		8B9BFE852AF20BFE005F5FB8 /* Fortune.swift */ = {isa = PBXFileReference; fileEncoding = 4; lastKnownFileType = sourcecode.swift; path = Fortune.swift; sourceTree = "<group>"; };
		8B9BFE862AF20BFE005F5FB8 /* ModelData.swift */ = {isa = PBXFileReference; fileEncoding = 4; lastKnownFileType = sourcecode.swift; path = ModelData.swift; sourceTree = "<group>"; };
		8B9BFE892AF20C05005F5FB8 /* DataController.swift */ = {isa = PBXFileReference; fileEncoding = 4; lastKnownFileType = sourcecode.swift; path = DataController.swift; sourceTree = "<group>"; };
/* End PBXFileReference section */

/* Begin PBXFrameworksBuildPhase section */
		8B9BFDF42AF20BCE005F5FB8 /* Frameworks */ = {
			isa = PBXFrameworksBuildPhase;
			buildActionMask = 2147483647;
			files = (
				8B9BFE902AF20C5C005F5FB8 /* SwiftyJSON in Frameworks */,
				8B596B9B2AF4567E006FA8F8 /* AlertToast in Frameworks */,
				8B596B962AF3D6A4006FA8F8 /* AnyCodable in Frameworks */,
				8B9BFE8D2AF20C55005F5FB8 /* Kingfisher in Frameworks */,
			);
			runOnlyForDeploymentPostprocessing = 0;
		};
		8B9BFE0B2AF20BD0005F5FB8 /* Frameworks */ = {
			isa = PBXFrameworksBuildPhase;
			buildActionMask = 2147483647;
			files = (
			);
			runOnlyForDeploymentPostprocessing = 0;
		};
		8B9BFE152AF20BD0005F5FB8 /* Frameworks */ = {
			isa = PBXFrameworksBuildPhase;
			buildActionMask = 2147483647;
			files = (
			);
			runOnlyForDeploymentPostprocessing = 0;
		};
/* End PBXFrameworksBuildPhase section */

/* Begin PBXGroup section */
		8B596B862AF33FFE006FA8F8 /* GraphQL */ = {
			isa = PBXGroup;
			children = (
				8B596B912AF3CD18006FA8F8 /* Struct */,
				8B9BFE7D2AF20BF3005F5FB8 /* Fetch.swift */,
				8B596B872AF34025006FA8F8 /* RequestID.swift */,
			);
			path = GraphQL;
			sourceTree = "<group>";
		};
		8B596B912AF3CD18006FA8F8 /* Struct */ = {
			isa = PBXGroup;
			children = (
				8B596B892AF34076006FA8F8 /* FriendList.swift */,
				8B596B922AF3CD39006FA8F8 /* HistoryRecord.swift */,
				8B596B9C2AF46489006FA8F8 /* CatalogQuery.swift */,
				8B46A54A2AF4962F001FB5E2 /* WeaponRecord.swift */,
				8B46A54C2AF4BE99001FB5E2 /* EquipmentsQuery.swift */,
				8B46A54E2AF4CA0F001FB5E2 /* DetailVotingStatusQuery.swift */,
				8B46A5502AF4D5BB001FB5E2 /* FestRecord.swift */,
				8B46A5522AF507F1001FB5E2 /* BattleHistories.swift */,
				8B46A5582AF52E91001FB5E2 /* CoopHistories.swift */,
			);
			path = Struct;
			sourceTree = "<group>";
		};
		8B9BFDEE2AF20BCE005F5FB8 = {
			isa = PBXGroup;
			children = (
				8B9BFDF92AF20BCE005F5FB8 /* InkCompanion */,
				8B9BFE112AF20BD0005F5FB8 /* InkCompanionTests */,
				8B9BFE1B2AF20BD0005F5FB8 /* InkCompanionUITests */,
				8B9BFDF82AF20BCE005F5FB8 /* Products */,
			);
			sourceTree = "<group>";
		};
		8B9BFDF82AF20BCE005F5FB8 /* Products */ = {
			isa = PBXGroup;
			children = (
				8B9BFDF72AF20BCE005F5FB8 /* InkCompanion.app */,
				8B9BFE0E2AF20BD0005F5FB8 /* InkCompanionTests.xctest */,
				8B9BFE182AF20BD0005F5FB8 /* InkCompanionUITests.xctest */,
			);
			name = Products;
			sourceTree = "<group>";
		};
		8B9BFDF92AF20BCE005F5FB8 /* InkCompanion */ = {
			isa = PBXGroup;
			children = (
				8B596B972AF44E58006FA8F8 /* Assets.xcassets */,
				8B9BFE892AF20C05005F5FB8 /* DataController.swift */,
				8B9BFE842AF20BFE005F5FB8 /* Models */,
				8B9BFE812AF20BF7005F5FB8 /* Storage */,
				8B9BFE7A2AF20BF3005F5FB8 /* API */,
				8B9BFE602AF20BF0005F5FB8 /* Views */,
				8B9BFE2B2AF20BDC005F5FB8 /* Shared */,
				8B9BFDFA2AF20BCE005F5FB8 /* InkCompanionApp.swift */,
				8B9BFDFC2AF20BCE005F5FB8 /* Persistence.swift */,
				8B9BFE032AF20BD0005F5FB8 /* Assets.xcassets */,
				8B9BFE052AF20BD0005F5FB8 /* InkCompanion.entitlements */,
				8B9BFE092AF20BD0005F5FB8 /* Info.plist */,
				8B9BFDFE2AF20BCE005F5FB8 /* InkCompanion.xcdatamodeld */,
				8B9BFE062AF20BD0005F5FB8 /* Preview Content */,
			);
			path = InkCompanion;
			sourceTree = "<group>";
		};
		8B9BFE062AF20BD0005F5FB8 /* Preview Content */ = {
			isa = PBXGroup;
			children = (
				8B9BFE072AF20BD0005F5FB8 /* Preview Assets.xcassets */,
			);
			path = "Preview Content";
			sourceTree = "<group>";
		};
		8B9BFE112AF20BD0005F5FB8 /* InkCompanionTests */ = {
			isa = PBXGroup;
			children = (
				8B9BFE122AF20BD0005F5FB8 /* InkCompanionTests.swift */,
			);
			path = InkCompanionTests;
			sourceTree = "<group>";
		};
		8B9BFE1B2AF20BD0005F5FB8 /* InkCompanionUITests */ = {
			isa = PBXGroup;
			children = (
				8B9BFE1C2AF20BD0005F5FB8 /* InkCompanionUITests.swift */,
				8B9BFE1E2AF20BD0005F5FB8 /* InkCompanionUITestsLaunchTests.swift */,
			);
			path = InkCompanionUITests;
			sourceTree = "<group>";
		};
		8B9BFE2B2AF20BDC005F5FB8 /* Shared */ = {
			isa = PBXGroup;
			children = (
				8B9BFE2C2AF20BDC005F5FB8 /* IkachanIntents.strings */,
				8B9BFE2E2AF20BDC005F5FB8 /* Localizable.strings */,
				8B9BFE342AF20BDC005F5FB8 /* Assets.xcassets */,
				8B9BFE352AF20BDC005F5FB8 /* Utils */,
				8B9BFE3F2AF20BDC005F5FB8 /* Models */,
				8B9BFE492AF20BDC005F5FB8 /* IkachanIntents.intentdefinition */,
			);
			path = Shared;
			sourceTree = "<group>";
		};
		8B9BFE352AF20BDC005F5FB8 /* Utils */ = {
			isa = PBXGroup;
			children = (
				8B9BFE362AF20BDC005F5FB8 /* Date.swift */,
				8B9BFE372AF20BDC005F5FB8 /* UI */,
				8B9BFE3B2AF20BDC005F5FB8 /* Collection.swift */,
				8B9BFE3C2AF20BDC005F5FB8 /* SwiftJSON.swift */,
				8B9BFE3D2AF20BDC005F5FB8 /* String.swift */,
				8B9BFE3E2AF20BDC005F5FB8 /* API.swift */,
			);
			path = Utils;
			sourceTree = "<group>";
		};
		8B9BFE372AF20BDC005F5FB8 /* UI */ = {
			isa = PBXGroup;
			children = (
				8B9BFE382AF20BDC005F5FB8 /* KFImage.swift */,
				8B9BFE392AF20BDC005F5FB8 /* Image.swift */,
				8B9BFE3A2AF20BDC005F5FB8 /* Color.swift */,
			);
			path = UI;
			sourceTree = "<group>";
		};
		8B9BFE3F2AF20BDC005F5FB8 /* Models */ = {
			isa = PBXGroup;
			children = (
				8B9BFE402AF20BDC005F5FB8 /* Constant.swift */,
				8B9BFE412AF20BDC005F5FB8 /* Weapon_.swift */,
				8B9BFE422AF20BDC005F5FB8 /* Game.swift */,
				8B9BFE432AF20BDC005F5FB8 /* Splatfest.swift */,
				8B9BFE442AF20BDC005F5FB8 /* Mode.swift */,
				8B9BFE452AF20BDC005F5FB8 /* Shift.swift */,
				8B9BFE462AF20BDC005F5FB8 /* Schedule.swift */,
				8B9BFE472AF20BDC005F5FB8 /* Stage.swift */,
				8B9BFE482AF20BDC005F5FB8 /* Rule.swift */,
			);
			path = Models;
			sourceTree = "<group>";
		};
		8B9BFE602AF20BF0005F5FB8 /* Views */ = {
			isa = PBXGroup;
			children = (
				8B9BFE612AF20BF0005F5FB8 /* LoginView.swift */,
				8B9BFE622AF20BF0005F5FB8 /* ShiftsView.swift */,
				8B9BFE632AF20BF0005F5FB8 /* Components */,
				8B9BFE6B2AF20BF0005F5FB8 /* SchedulesView.swift */,
				8B9BFE6C2AF20BF0005F5FB8 /* SettingView.swift */,
				8B9BFE6D2AF20BF0005F5FB8 /* ContentView.swift */,
				8B596B8F2AF38634006FA8F8 /* Style.swift */,
			);
			path = Views;
			sourceTree = "<group>";
		};
		8B9BFE632AF20BF0005F5FB8 /* Components */ = {
			isa = PBXGroup;
			children = (
				8B596B8B2AF35465006FA8F8 /* FriendsView.swift */,
				8B9BFE642AF20BF0005F5FB8 /* SchedulesScrollView.swift */,
				8B9BFE652AF20BF0005F5FB8 /* ShiftView.swift */,
				8B9BFE662AF20BF0005F5FB8 /* IconView.swift */,
				8B9BFE672AF20BF0005F5FB8 /* WeaponView.swift */,
				8B9BFE682AF20BF0005F5FB8 /* ScheduleBaseView.swift */,
				8B9BFE692AF20BF0005F5FB8 /* ScheduleView.swift */,
				8B9BFE6A2AF20BF0005F5FB8 /* StageView.swift */,
				8B596B8D2AF35671006FA8F8 /* FriendView.swift */,
			);
			path = Components;
			sourceTree = "<group>";
		};
		8B9BFE7A2AF20BF3005F5FB8 /* API */ = {
			isa = PBXGroup;
			children = (
				8B596B862AF33FFE006FA8F8 /* GraphQL */,
				8B9BFE7B2AF20BF3005F5FB8 /* LoginAPI.swift */,
				8B9BFE7C2AF20BF3005F5FB8 /* fAPI.swift */,
				8B46A55A2AF5C7D5001FB5E2 /* Splatoon3Ink.swift */,
			);
			path = API;
			sourceTree = "<group>";
		};
		8B9BFE812AF20BF7005F5FB8 /* Storage */ = {
			isa = PBXGroup;
			children = (
				8B9BFE822AF20BF7005F5FB8 /* KeyChainStorage.swift */,
			);
			path = Storage;
			sourceTree = "<group>";
		};
		8B9BFE842AF20BFE005F5FB8 /* Models */ = {
			isa = PBXGroup;
			children = (
				8B9BFE852AF20BFE005F5FB8 /* Fortune.swift */,
				8B9BFE862AF20BFE005F5FB8 /* ModelData.swift */,
			);
			path = Models;
			sourceTree = "<group>";
		};
/* End PBXGroup section */

/* Begin PBXNativeTarget section */
		8B9BFDF62AF20BCE005F5FB8 /* InkCompanion */ = {
			isa = PBXNativeTarget;
			buildConfigurationList = 8B9BFE222AF20BD0005F5FB8 /* Build configuration list for PBXNativeTarget "InkCompanion" */;
			buildPhases = (
				8B9BFDF32AF20BCE005F5FB8 /* Sources */,
				8B9BFDF42AF20BCE005F5FB8 /* Frameworks */,
				8B9BFDF52AF20BCE005F5FB8 /* Resources */,
			);
			buildRules = (
			);
			dependencies = (
			);
			name = InkCompanion;
			packageProductDependencies = (
				8B9BFE8C2AF20C55005F5FB8 /* Kingfisher */,
				8B9BFE8F2AF20C5C005F5FB8 /* SwiftyJSON */,
				8B596B952AF3D6A4006FA8F8 /* AnyCodable */,
				8B596B9A2AF4567E006FA8F8 /* AlertToast */,
			);
			productName = InkCompanion;
			productReference = 8B9BFDF72AF20BCE005F5FB8 /* InkCompanion.app */;
			productType = "com.apple.product-type.application";
		};
		8B9BFE0D2AF20BD0005F5FB8 /* InkCompanionTests */ = {
			isa = PBXNativeTarget;
			buildConfigurationList = 8B9BFE252AF20BD0005F5FB8 /* Build configuration list for PBXNativeTarget "InkCompanionTests" */;
			buildPhases = (
				8B9BFE0A2AF20BD0005F5FB8 /* Sources */,
				8B9BFE0B2AF20BD0005F5FB8 /* Frameworks */,
				8B9BFE0C2AF20BD0005F5FB8 /* Resources */,
			);
			buildRules = (
			);
			dependencies = (
				8B9BFE102AF20BD0005F5FB8 /* PBXTargetDependency */,
			);
			name = InkCompanionTests;
			productName = InkCompanionTests;
			productReference = 8B9BFE0E2AF20BD0005F5FB8 /* InkCompanionTests.xctest */;
			productType = "com.apple.product-type.bundle.unit-test";
		};
		8B9BFE172AF20BD0005F5FB8 /* InkCompanionUITests */ = {
			isa = PBXNativeTarget;
			buildConfigurationList = 8B9BFE282AF20BD0005F5FB8 /* Build configuration list for PBXNativeTarget "InkCompanionUITests" */;
			buildPhases = (
				8B9BFE142AF20BD0005F5FB8 /* Sources */,
				8B9BFE152AF20BD0005F5FB8 /* Frameworks */,
				8B9BFE162AF20BD0005F5FB8 /* Resources */,
			);
			buildRules = (
			);
			dependencies = (
				8B9BFE1A2AF20BD0005F5FB8 /* PBXTargetDependency */,
			);
			name = InkCompanionUITests;
			productName = InkCompanionUITests;
			productReference = 8B9BFE182AF20BD0005F5FB8 /* InkCompanionUITests.xctest */;
			productType = "com.apple.product-type.bundle.ui-testing";
		};
/* End PBXNativeTarget section */

/* Begin PBXProject section */
		8B9BFDEF2AF20BCE005F5FB8 /* Project object */ = {
			isa = PBXProject;
			attributes = {
				BuildIndependentTargetsInParallel = 1;
				LastSwiftUpdateCheck = 1500;
				LastUpgradeCheck = 1500;
				TargetAttributes = {
					8B9BFDF62AF20BCE005F5FB8 = {
						CreatedOnToolsVersion = 15.0.1;
					};
					8B9BFE0D2AF20BD0005F5FB8 = {
						CreatedOnToolsVersion = 15.0.1;
						TestTargetID = 8B9BFDF62AF20BCE005F5FB8;
					};
					8B9BFE172AF20BD0005F5FB8 = {
						CreatedOnToolsVersion = 15.0.1;
						TestTargetID = 8B9BFDF62AF20BCE005F5FB8;
					};
				};
			};
			buildConfigurationList = 8B9BFDF22AF20BCE005F5FB8 /* Build configuration list for PBXProject "InkCompanion" */;
			compatibilityVersion = "Xcode 14.0";
			developmentRegion = en;
			hasScannedForEncodings = 0;
			knownRegions = (
				en,
				Base,
				"zh-Hans",
				ja,
			);
			mainGroup = 8B9BFDEE2AF20BCE005F5FB8;
			packageReferences = (
				8B9BFE8B2AF20C55005F5FB8 /* XCRemoteSwiftPackageReference "Kingfisher" */,
				8B9BFE8E2AF20C5C005F5FB8 /* XCRemoteSwiftPackageReference "SwiftyJSON" */,
				8B596B942AF3D6A4006FA8F8 /* XCRemoteSwiftPackageReference "AnyCodable" */,
				8B596B992AF4567D006FA8F8 /* XCRemoteSwiftPackageReference "AlertToast" */,
			);
			productRefGroup = 8B9BFDF82AF20BCE005F5FB8 /* Products */;
			projectDirPath = "";
			projectRoot = "";
			targets = (
				8B9BFDF62AF20BCE005F5FB8 /* InkCompanion */,
				8B9BFE0D2AF20BD0005F5FB8 /* InkCompanionTests */,
				8B9BFE172AF20BD0005F5FB8 /* InkCompanionUITests */,
			);
		};
/* End PBXProject section */

/* Begin PBXResourcesBuildPhase section */
		8B9BFDF52AF20BCE005F5FB8 /* Resources */ = {
			isa = PBXResourcesBuildPhase;
			buildActionMask = 2147483647;
			files = (
				8B9BFE082AF20BD0005F5FB8 /* Preview Assets.xcassets in Resources */,
				8B9BFE4C2AF20BDC005F5FB8 /* Localizable.strings in Resources */,
				8B9BFE042AF20BD0005F5FB8 /* Assets.xcassets in Resources */,
				8B9BFE4B2AF20BDC005F5FB8 /* IkachanIntents.strings in Resources */,
				8B596B982AF44E58006FA8F8 /* Assets.xcassets in Resources */,
				8B9BFE4D2AF20BDC005F5FB8 /* Assets.xcassets in Resources */,
			);
			runOnlyForDeploymentPostprocessing = 0;
		};
		8B9BFE0C2AF20BD0005F5FB8 /* Resources */ = {
			isa = PBXResourcesBuildPhase;
			buildActionMask = 2147483647;
			files = (
			);
			runOnlyForDeploymentPostprocessing = 0;
		};
		8B9BFE162AF20BD0005F5FB8 /* Resources */ = {
			isa = PBXResourcesBuildPhase;
			buildActionMask = 2147483647;
			files = (
			);
			runOnlyForDeploymentPostprocessing = 0;
		};
/* End PBXResourcesBuildPhase section */

/* Begin PBXSourcesBuildPhase section */
		8B9BFDF32AF20BCE005F5FB8 /* Sources */ = {
			isa = PBXSourcesBuildPhase;
			buildActionMask = 2147483647;
			files = (
				8B9BFE732AF20BF0005F5FB8 /* WeaponView.swift in Sources */,
				8B596B9D2AF46489006FA8F8 /* CatalogQuery.swift in Sources */,
				8B9BFE592AF20BDC005F5FB8 /* Splatfest.swift in Sources */,
				8B9BFE7E2AF20BF3005F5FB8 /* LoginAPI.swift in Sources */,
				8B46A5592AF52E91001FB5E2 /* CoopHistories.swift in Sources */,
				8B9BFE522AF20BDC005F5FB8 /* Collection.swift in Sources */,
				8B9BFE582AF20BDC005F5FB8 /* Game.swift in Sources */,
				8B9BFE542AF20BDC005F5FB8 /* String.swift in Sources */,
				8B9BFE752AF20BF0005F5FB8 /* ScheduleView.swift in Sources */,
				8B596B882AF34025006FA8F8 /* RequestID.swift in Sources */,
				8B9BFE762AF20BF0005F5FB8 /* StageView.swift in Sources */,
				8B9BFE742AF20BF0005F5FB8 /* ScheduleBaseView.swift in Sources */,
				8B9BFE7F2AF20BF3005F5FB8 /* fAPI.swift in Sources */,
				8B9BFE6E2AF20BF0005F5FB8 /* LoginView.swift in Sources */,
				8B596B8A2AF34076006FA8F8 /* FriendList.swift in Sources */,
				8B9BFE772AF20BF0005F5FB8 /* SchedulesView.swift in Sources */,
				8B9BFE5B2AF20BDC005F5FB8 /* Shift.swift in Sources */,
				8B9BFE532AF20BDC005F5FB8 /* SwiftJSON.swift in Sources */,
				8B9BFE712AF20BF0005F5FB8 /* ShiftView.swift in Sources */,
				8B9BFE6F2AF20BF0005F5FB8 /* ShiftsView.swift in Sources */,
				8B9BFE5E2AF20BDC005F5FB8 /* Rule.swift in Sources */,
				8B9BFE572AF20BDC005F5FB8 /* Weapon_.swift in Sources */,
				8B596B8C2AF35465006FA8F8 /* FriendsView.swift in Sources */,
				8B9BFE8A2AF20C05005F5FB8 /* DataController.swift in Sources */,
				8B9BFE502AF20BDC005F5FB8 /* Image.swift in Sources */,
				8B46A5512AF4D5BB001FB5E2 /* FestRecord.swift in Sources */,
				8B9BFE4F2AF20BDC005F5FB8 /* KFImage.swift in Sources */,
				8B9BFE722AF20BF0005F5FB8 /* IconView.swift in Sources */,
				8B9BFE5F2AF20BDC005F5FB8 /* IkachanIntents.intentdefinition in Sources */,
				8B9BFE002AF20BCE005F5FB8 /* InkCompanion.xcdatamodeld in Sources */,
				8B9BFE782AF20BF0005F5FB8 /* SettingView.swift in Sources */,
				8B9BFE4E2AF20BDC005F5FB8 /* Date.swift in Sources */,
				8B596B932AF3CD39006FA8F8 /* HistoryRecord.swift in Sources */,
				8B9BFDFB2AF20BCE005F5FB8 /* InkCompanionApp.swift in Sources */,
				8B9BFE792AF20BF0005F5FB8 /* ContentView.swift in Sources */,
				8B46A5532AF507F1001FB5E2 /* BattleHistories.swift in Sources */,
				8B9BFE702AF20BF0005F5FB8 /* SchedulesScrollView.swift in Sources */,
				8B46A54F2AF4CA0F001FB5E2 /* DetailVotingStatusQuery.swift in Sources */,
				8B9BFE512AF20BDC005F5FB8 /* Color.swift in Sources */,
				8B9BFE562AF20BDC005F5FB8 /* Constant.swift in Sources */,
				8B596B902AF38634006FA8F8 /* Style.swift in Sources */,
				8B9BFE5D2AF20BDC005F5FB8 /* Stage.swift in Sources */,
				8B46A55B2AF5C7D5001FB5E2 /* Splatoon3Ink.swift in Sources */,
				8B46A54B2AF4962F001FB5E2 /* WeaponRecord.swift in Sources */,
				8B46A54D2AF4BE99001FB5E2 /* EquipmentsQuery.swift in Sources */,
				8B9BFE5A2AF20BDC005F5FB8 /* Mode.swift in Sources */,
				8B9BFE802AF20BF3005F5FB8 /* Fetch.swift in Sources */,
				8B9BFE832AF20BF7005F5FB8 /* KeyChainStorage.swift in Sources */,
				8B9BFE5C2AF20BDC005F5FB8 /* Schedule.swift in Sources */,
				8B9BFE552AF20BDC005F5FB8 /* API.swift in Sources */,
				8B9BFE882AF20BFE005F5FB8 /* ModelData.swift in Sources */,
				8B9BFDFD2AF20BCE005F5FB8 /* Persistence.swift in Sources */,
				8B596B8E2AF35671006FA8F8 /* FriendView.swift in Sources */,
				8B9BFE872AF20BFE005F5FB8 /* Fortune.swift in Sources */,
			);
			runOnlyForDeploymentPostprocessing = 0;
		};
		8B9BFE0A2AF20BD0005F5FB8 /* Sources */ = {
			isa = PBXSourcesBuildPhase;
			buildActionMask = 2147483647;
			files = (
				8B9BFE132AF20BD0005F5FB8 /* InkCompanionTests.swift in Sources */,
			);
			runOnlyForDeploymentPostprocessing = 0;
		};
		8B9BFE142AF20BD0005F5FB8 /* Sources */ = {
			isa = PBXSourcesBuildPhase;
			buildActionMask = 2147483647;
			files = (
				8B9BFE1F2AF20BD0005F5FB8 /* InkCompanionUITestsLaunchTests.swift in Sources */,
				8B9BFE1D2AF20BD0005F5FB8 /* InkCompanionUITests.swift in Sources */,
			);
			runOnlyForDeploymentPostprocessing = 0;
		};
/* End PBXSourcesBuildPhase section */

/* Begin PBXTargetDependency section */
		8B9BFE102AF20BD0005F5FB8 /* PBXTargetDependency */ = {
			isa = PBXTargetDependency;
			target = 8B9BFDF62AF20BCE005F5FB8 /* InkCompanion */;
			targetProxy = 8B9BFE0F2AF20BD0005F5FB8 /* PBXContainerItemProxy */;
		};
		8B9BFE1A2AF20BD0005F5FB8 /* PBXTargetDependency */ = {
			isa = PBXTargetDependency;
			target = 8B9BFDF62AF20BCE005F5FB8 /* InkCompanion */;
			targetProxy = 8B9BFE192AF20BD0005F5FB8 /* PBXContainerItemProxy */;
		};
/* End PBXTargetDependency section */

/* Begin PBXVariantGroup section */
		8B9BFE2C2AF20BDC005F5FB8 /* IkachanIntents.strings */ = {
			isa = PBXVariantGroup;
			children = (
				8B9BFE2D2AF20BDC005F5FB8 /* zh-Hans */,
				8B9BFE302AF20BDC005F5FB8 /* ja */,
				8B9BFE322AF20BDC005F5FB8 /* en */,
			);
			name = IkachanIntents.strings;
			sourceTree = "<group>";
		};
		8B9BFE2E2AF20BDC005F5FB8 /* Localizable.strings */ = {
			isa = PBXVariantGroup;
			children = (
				8B9BFE2F2AF20BDC005F5FB8 /* zh-Hans */,
				8B9BFE312AF20BDC005F5FB8 /* ja */,
				8B9BFE332AF20BDC005F5FB8 /* en */,
			);
			name = Localizable.strings;
			sourceTree = "<group>";
		};
		8B9BFE492AF20BDC005F5FB8 /* IkachanIntents.intentdefinition */ = {
			isa = PBXVariantGroup;
			children = (
				8B9BFE4A2AF20BDC005F5FB8 /* Base */,
			);
			name = IkachanIntents.intentdefinition;
			sourceTree = "<group>";
		};
/* End PBXVariantGroup section */

/* Begin XCBuildConfiguration section */
		8B9BFE202AF20BD0005F5FB8 /* Debug */ = {
			isa = XCBuildConfiguration;
			buildSettings = {
				ALWAYS_SEARCH_USER_PATHS = NO;
				ASSETCATALOG_COMPILER_GENERATE_SWIFT_ASSET_SYMBOL_EXTENSIONS = YES;
				CLANG_ANALYZER_NONNULL = YES;
				CLANG_ANALYZER_NUMBER_OBJECT_CONVERSION = YES_AGGRESSIVE;
				CLANG_CXX_LANGUAGE_STANDARD = "gnu++20";
				CLANG_ENABLE_MODULES = YES;
				CLANG_ENABLE_OBJC_ARC = YES;
				CLANG_ENABLE_OBJC_WEAK = YES;
				CLANG_WARN_BLOCK_CAPTURE_AUTORELEASING = YES;
				CLANG_WARN_BOOL_CONVERSION = YES;
				CLANG_WARN_COMMA = YES;
				CLANG_WARN_CONSTANT_CONVERSION = YES;
				CLANG_WARN_DEPRECATED_OBJC_IMPLEMENTATIONS = YES;
				CLANG_WARN_DIRECT_OBJC_ISA_USAGE = YES_ERROR;
				CLANG_WARN_DOCUMENTATION_COMMENTS = YES;
				CLANG_WARN_EMPTY_BODY = YES;
				CLANG_WARN_ENUM_CONVERSION = YES;
				CLANG_WARN_INFINITE_RECURSION = YES;
				CLANG_WARN_INT_CONVERSION = YES;
				CLANG_WARN_NON_LITERAL_NULL_CONVERSION = YES;
				CLANG_WARN_OBJC_IMPLICIT_RETAIN_SELF = YES;
				CLANG_WARN_OBJC_LITERAL_CONVERSION = YES;
				CLANG_WARN_OBJC_ROOT_CLASS = YES_ERROR;
				CLANG_WARN_QUOTED_INCLUDE_IN_FRAMEWORK_HEADER = YES;
				CLANG_WARN_RANGE_LOOP_ANALYSIS = YES;
				CLANG_WARN_STRICT_PROTOTYPES = YES;
				CLANG_WARN_SUSPICIOUS_MOVE = YES;
				CLANG_WARN_UNGUARDED_AVAILABILITY = YES_AGGRESSIVE;
				CLANG_WARN_UNREACHABLE_CODE = YES;
				CLANG_WARN__DUPLICATE_METHOD_MATCH = YES;
				COPY_PHASE_STRIP = NO;
				DEBUG_INFORMATION_FORMAT = dwarf;
				ENABLE_STRICT_OBJC_MSGSEND = YES;
				ENABLE_TESTABILITY = YES;
				ENABLE_USER_SCRIPT_SANDBOXING = YES;
				GCC_C_LANGUAGE_STANDARD = gnu17;
				GCC_DYNAMIC_NO_PIC = NO;
				GCC_NO_COMMON_BLOCKS = YES;
				GCC_OPTIMIZATION_LEVEL = 0;
				GCC_PREPROCESSOR_DEFINITIONS = (
					"DEBUG=1",
					"$(inherited)",
				);
				GCC_WARN_64_TO_32_BIT_CONVERSION = YES;
				GCC_WARN_ABOUT_RETURN_TYPE = YES_ERROR;
				GCC_WARN_UNDECLARED_SELECTOR = YES;
				GCC_WARN_UNINITIALIZED_AUTOS = YES_AGGRESSIVE;
				GCC_WARN_UNUSED_FUNCTION = YES;
				GCC_WARN_UNUSED_VARIABLE = YES;
				LOCALIZATION_PREFERS_STRING_CATALOGS = YES;
				MTL_ENABLE_DEBUG_INFO = INCLUDE_SOURCE;
				MTL_FAST_MATH = YES;
				ONLY_ACTIVE_ARCH = YES;
				SWIFT_ACTIVE_COMPILATION_CONDITIONS = "DEBUG $(inherited)";
				SWIFT_OPTIMIZATION_LEVEL = "-Onone";
			};
			name = Debug;
		};
		8B9BFE212AF20BD0005F5FB8 /* Release */ = {
			isa = XCBuildConfiguration;
			buildSettings = {
				ALWAYS_SEARCH_USER_PATHS = NO;
				ASSETCATALOG_COMPILER_GENERATE_SWIFT_ASSET_SYMBOL_EXTENSIONS = YES;
				CLANG_ANALYZER_NONNULL = YES;
				CLANG_ANALYZER_NUMBER_OBJECT_CONVERSION = YES_AGGRESSIVE;
				CLANG_CXX_LANGUAGE_STANDARD = "gnu++20";
				CLANG_ENABLE_MODULES = YES;
				CLANG_ENABLE_OBJC_ARC = YES;
				CLANG_ENABLE_OBJC_WEAK = YES;
				CLANG_WARN_BLOCK_CAPTURE_AUTORELEASING = YES;
				CLANG_WARN_BOOL_CONVERSION = YES;
				CLANG_WARN_COMMA = YES;
				CLANG_WARN_CONSTANT_CONVERSION = YES;
				CLANG_WARN_DEPRECATED_OBJC_IMPLEMENTATIONS = YES;
				CLANG_WARN_DIRECT_OBJC_ISA_USAGE = YES_ERROR;
				CLANG_WARN_DOCUMENTATION_COMMENTS = YES;
				CLANG_WARN_EMPTY_BODY = YES;
				CLANG_WARN_ENUM_CONVERSION = YES;
				CLANG_WARN_INFINITE_RECURSION = YES;
				CLANG_WARN_INT_CONVERSION = YES;
				CLANG_WARN_NON_LITERAL_NULL_CONVERSION = YES;
				CLANG_WARN_OBJC_IMPLICIT_RETAIN_SELF = YES;
				CLANG_WARN_OBJC_LITERAL_CONVERSION = YES;
				CLANG_WARN_OBJC_ROOT_CLASS = YES_ERROR;
				CLANG_WARN_QUOTED_INCLUDE_IN_FRAMEWORK_HEADER = YES;
				CLANG_WARN_RANGE_LOOP_ANALYSIS = YES;
				CLANG_WARN_STRICT_PROTOTYPES = YES;
				CLANG_WARN_SUSPICIOUS_MOVE = YES;
				CLANG_WARN_UNGUARDED_AVAILABILITY = YES_AGGRESSIVE;
				CLANG_WARN_UNREACHABLE_CODE = YES;
				CLANG_WARN__DUPLICATE_METHOD_MATCH = YES;
				COPY_PHASE_STRIP = NO;
				DEBUG_INFORMATION_FORMAT = "dwarf-with-dsym";
				ENABLE_NS_ASSERTIONS = NO;
				ENABLE_STRICT_OBJC_MSGSEND = YES;
				ENABLE_USER_SCRIPT_SANDBOXING = YES;
				GCC_C_LANGUAGE_STANDARD = gnu17;
				GCC_NO_COMMON_BLOCKS = YES;
				GCC_WARN_64_TO_32_BIT_CONVERSION = YES;
				GCC_WARN_ABOUT_RETURN_TYPE = YES_ERROR;
				GCC_WARN_UNDECLARED_SELECTOR = YES;
				GCC_WARN_UNINITIALIZED_AUTOS = YES_AGGRESSIVE;
				GCC_WARN_UNUSED_FUNCTION = YES;
				GCC_WARN_UNUSED_VARIABLE = YES;
				LOCALIZATION_PREFERS_STRING_CATALOGS = YES;
				MTL_ENABLE_DEBUG_INFO = NO;
				MTL_FAST_MATH = YES;
				SWIFT_COMPILATION_MODE = wholemodule;
			};
			name = Release;
		};
		8B9BFE232AF20BD0005F5FB8 /* Debug */ = {
			isa = XCBuildConfiguration;
			buildSettings = {
				ASSETCATALOG_COMPILER_APPICON_NAME = AppIcon;
				ASSETCATALOG_COMPILER_GLOBAL_ACCENT_COLOR_NAME = AccentColor;
				CODE_SIGN_ENTITLEMENTS = InkCompanion/InkCompanion.entitlements;
				CODE_SIGN_STYLE = Automatic;
				CURRENT_PROJECT_VERSION = 1;
				DEVELOPMENT_ASSET_PATHS = "\"InkCompanion/Preview Content\"";
				DEVELOPMENT_TEAM = 2ST3TQ6FXT;
				ENABLE_HARDENED_RUNTIME = YES;
				ENABLE_PREVIEWS = YES;
				GENERATE_INFOPLIST_FILE = YES;
				INFOPLIST_FILE = InkCompanion/Info.plist;
				"INFOPLIST_KEY_UIApplicationSceneManifest_Generation[sdk=iphoneos*]" = YES;
				"INFOPLIST_KEY_UIApplicationSceneManifest_Generation[sdk=iphonesimulator*]" = YES;
				"INFOPLIST_KEY_UIApplicationSupportsIndirectInputEvents[sdk=iphoneos*]" = YES;
				"INFOPLIST_KEY_UIApplicationSupportsIndirectInputEvents[sdk=iphonesimulator*]" = YES;
				"INFOPLIST_KEY_UILaunchScreen_Generation[sdk=iphoneos*]" = YES;
				"INFOPLIST_KEY_UILaunchScreen_Generation[sdk=iphonesimulator*]" = YES;
				"INFOPLIST_KEY_UIStatusBarStyle[sdk=iphoneos*]" = UIStatusBarStyleDefault;
				"INFOPLIST_KEY_UIStatusBarStyle[sdk=iphonesimulator*]" = UIStatusBarStyleDefault;
				INFOPLIST_KEY_UISupportedInterfaceOrientations_iPad = "UIInterfaceOrientationPortrait UIInterfaceOrientationPortraitUpsideDown UIInterfaceOrientationLandscapeLeft UIInterfaceOrientationLandscapeRight";
				INFOPLIST_KEY_UISupportedInterfaceOrientations_iPhone = "UIInterfaceOrientationPortrait UIInterfaceOrientationLandscapeLeft UIInterfaceOrientationLandscapeRight";
				IPHONEOS_DEPLOYMENT_TARGET = 17.0;
				LD_RUNPATH_SEARCH_PATHS = "@executable_path/Frameworks";
				"LD_RUNPATH_SEARCH_PATHS[sdk=macosx*]" = "@executable_path/../Frameworks";
				MACOSX_DEPLOYMENT_TARGET = 14.0;
				MARKETING_VERSION = 1.0;
				PRODUCT_BUNDLE_IDENTIFIER = jiangfeng.InkCompanion;
				PRODUCT_NAME = "$(TARGET_NAME)";
				SDKROOT = auto;
				SUPPORTED_PLATFORMS = "iphoneos iphonesimulator macosx";
				SWIFT_EMIT_LOC_STRINGS = YES;
				SWIFT_VERSION = 5.0;
				TARGETED_DEVICE_FAMILY = "1,2";
			};
			name = Debug;
		};
		8B9BFE242AF20BD0005F5FB8 /* Release */ = {
			isa = XCBuildConfiguration;
			buildSettings = {
				ASSETCATALOG_COMPILER_APPICON_NAME = AppIcon;
				ASSETCATALOG_COMPILER_GLOBAL_ACCENT_COLOR_NAME = AccentColor;
				CODE_SIGN_ENTITLEMENTS = InkCompanion/InkCompanion.entitlements;
				CODE_SIGN_STYLE = Automatic;
				CURRENT_PROJECT_VERSION = 1;
				DEVELOPMENT_ASSET_PATHS = "\"InkCompanion/Preview Content\"";
				DEVELOPMENT_TEAM = 2ST3TQ6FXT;
				ENABLE_HARDENED_RUNTIME = YES;
				ENABLE_PREVIEWS = YES;
				GENERATE_INFOPLIST_FILE = YES;
				INFOPLIST_FILE = InkCompanion/Info.plist;
				"INFOPLIST_KEY_UIApplicationSceneManifest_Generation[sdk=iphoneos*]" = YES;
				"INFOPLIST_KEY_UIApplicationSceneManifest_Generation[sdk=iphonesimulator*]" = YES;
				"INFOPLIST_KEY_UIApplicationSupportsIndirectInputEvents[sdk=iphoneos*]" = YES;
				"INFOPLIST_KEY_UIApplicationSupportsIndirectInputEvents[sdk=iphonesimulator*]" = YES;
				"INFOPLIST_KEY_UILaunchScreen_Generation[sdk=iphoneos*]" = YES;
				"INFOPLIST_KEY_UILaunchScreen_Generation[sdk=iphonesimulator*]" = YES;
				"INFOPLIST_KEY_UIStatusBarStyle[sdk=iphoneos*]" = UIStatusBarStyleDefault;
				"INFOPLIST_KEY_UIStatusBarStyle[sdk=iphonesimulator*]" = UIStatusBarStyleDefault;
				INFOPLIST_KEY_UISupportedInterfaceOrientations_iPad = "UIInterfaceOrientationPortrait UIInterfaceOrientationPortraitUpsideDown UIInterfaceOrientationLandscapeLeft UIInterfaceOrientationLandscapeRight";
				INFOPLIST_KEY_UISupportedInterfaceOrientations_iPhone = "UIInterfaceOrientationPortrait UIInterfaceOrientationLandscapeLeft UIInterfaceOrientationLandscapeRight";
				IPHONEOS_DEPLOYMENT_TARGET = 17.0;
				LD_RUNPATH_SEARCH_PATHS = "@executable_path/Frameworks";
				"LD_RUNPATH_SEARCH_PATHS[sdk=macosx*]" = "@executable_path/../Frameworks";
				MACOSX_DEPLOYMENT_TARGET = 14.0;
				MARKETING_VERSION = 1.0;
				PRODUCT_BUNDLE_IDENTIFIER = jiangfeng.InkCompanion;
				PRODUCT_NAME = "$(TARGET_NAME)";
				SDKROOT = auto;
				SUPPORTED_PLATFORMS = "iphoneos iphonesimulator macosx";
				SWIFT_EMIT_LOC_STRINGS = YES;
				SWIFT_VERSION = 5.0;
				TARGETED_DEVICE_FAMILY = "1,2";
			};
			name = Release;
		};
		8B9BFE262AF20BD0005F5FB8 /* Debug */ = {
			isa = XCBuildConfiguration;
			buildSettings = {
				ALWAYS_EMBED_SWIFT_STANDARD_LIBRARIES = YES;
				BUNDLE_LOADER = "$(TEST_HOST)";
				CODE_SIGN_STYLE = Automatic;
				CURRENT_PROJECT_VERSION = 1;
				DEVELOPMENT_TEAM = 2ST3TQ6FXT;
				GENERATE_INFOPLIST_FILE = YES;
				IPHONEOS_DEPLOYMENT_TARGET = 17.0;
				MACOSX_DEPLOYMENT_TARGET = 14.0;
				MARKETING_VERSION = 1.0;
				PRODUCT_BUNDLE_IDENTIFIER = jiangfeng.InkCompanionTests;
				PRODUCT_NAME = "$(TARGET_NAME)";
				SDKROOT = auto;
				SUPPORTED_PLATFORMS = "iphoneos iphonesimulator macosx";
				SWIFT_EMIT_LOC_STRINGS = NO;
				SWIFT_VERSION = 5.0;
				TARGETED_DEVICE_FAMILY = "1,2";
				TEST_HOST = "$(BUILT_PRODUCTS_DIR)/InkCompanion.app/$(BUNDLE_EXECUTABLE_FOLDER_PATH)/InkCompanion";
			};
			name = Debug;
		};
		8B9BFE272AF20BD0005F5FB8 /* Release */ = {
			isa = XCBuildConfiguration;
			buildSettings = {
				ALWAYS_EMBED_SWIFT_STANDARD_LIBRARIES = YES;
				BUNDLE_LOADER = "$(TEST_HOST)";
				CODE_SIGN_STYLE = Automatic;
				CURRENT_PROJECT_VERSION = 1;
				DEVELOPMENT_TEAM = 2ST3TQ6FXT;
				GENERATE_INFOPLIST_FILE = YES;
				IPHONEOS_DEPLOYMENT_TARGET = 17.0;
				MACOSX_DEPLOYMENT_TARGET = 14.0;
				MARKETING_VERSION = 1.0;
				PRODUCT_BUNDLE_IDENTIFIER = jiangfeng.InkCompanionTests;
				PRODUCT_NAME = "$(TARGET_NAME)";
				SDKROOT = auto;
				SUPPORTED_PLATFORMS = "iphoneos iphonesimulator macosx";
				SWIFT_EMIT_LOC_STRINGS = NO;
				SWIFT_VERSION = 5.0;
				TARGETED_DEVICE_FAMILY = "1,2";
				TEST_HOST = "$(BUILT_PRODUCTS_DIR)/InkCompanion.app/$(BUNDLE_EXECUTABLE_FOLDER_PATH)/InkCompanion";
			};
			name = Release;
		};
		8B9BFE292AF20BD0005F5FB8 /* Debug */ = {
			isa = XCBuildConfiguration;
			buildSettings = {
				ALWAYS_EMBED_SWIFT_STANDARD_LIBRARIES = YES;
				CODE_SIGN_STYLE = Automatic;
				CURRENT_PROJECT_VERSION = 1;
				DEVELOPMENT_TEAM = 2ST3TQ6FXT;
				GENERATE_INFOPLIST_FILE = YES;
				IPHONEOS_DEPLOYMENT_TARGET = 17.0;
				MACOSX_DEPLOYMENT_TARGET = 14.0;
				MARKETING_VERSION = 1.0;
				PRODUCT_BUNDLE_IDENTIFIER = jiangfeng.InkCompanionUITests;
				PRODUCT_NAME = "$(TARGET_NAME)";
				SDKROOT = auto;
				SUPPORTED_PLATFORMS = "iphoneos iphonesimulator macosx";
				SWIFT_EMIT_LOC_STRINGS = NO;
				SWIFT_VERSION = 5.0;
				TARGETED_DEVICE_FAMILY = "1,2";
				TEST_TARGET_NAME = InkCompanion;
			};
			name = Debug;
		};
		8B9BFE2A2AF20BD0005F5FB8 /* Release */ = {
			isa = XCBuildConfiguration;
			buildSettings = {
				ALWAYS_EMBED_SWIFT_STANDARD_LIBRARIES = YES;
				CODE_SIGN_STYLE = Automatic;
				CURRENT_PROJECT_VERSION = 1;
				DEVELOPMENT_TEAM = 2ST3TQ6FXT;
				GENERATE_INFOPLIST_FILE = YES;
				IPHONEOS_DEPLOYMENT_TARGET = 17.0;
				MACOSX_DEPLOYMENT_TARGET = 14.0;
				MARKETING_VERSION = 1.0;
				PRODUCT_BUNDLE_IDENTIFIER = jiangfeng.InkCompanionUITests;
				PRODUCT_NAME = "$(TARGET_NAME)";
				SDKROOT = auto;
				SUPPORTED_PLATFORMS = "iphoneos iphonesimulator macosx";
				SWIFT_EMIT_LOC_STRINGS = NO;
				SWIFT_VERSION = 5.0;
				TARGETED_DEVICE_FAMILY = "1,2";
				TEST_TARGET_NAME = InkCompanion;
			};
			name = Release;
		};
/* End XCBuildConfiguration section */

/* Begin XCConfigurationList section */
		8B9BFDF22AF20BCE005F5FB8 /* Build configuration list for PBXProject "InkCompanion" */ = {
			isa = XCConfigurationList;
			buildConfigurations = (
				8B9BFE202AF20BD0005F5FB8 /* Debug */,
				8B9BFE212AF20BD0005F5FB8 /* Release */,
			);
			defaultConfigurationIsVisible = 0;
			defaultConfigurationName = Release;
		};
		8B9BFE222AF20BD0005F5FB8 /* Build configuration list for PBXNativeTarget "InkCompanion" */ = {
			isa = XCConfigurationList;
			buildConfigurations = (
				8B9BFE232AF20BD0005F5FB8 /* Debug */,
				8B9BFE242AF20BD0005F5FB8 /* Release */,
			);
			defaultConfigurationIsVisible = 0;
			defaultConfigurationName = Release;
		};
		8B9BFE252AF20BD0005F5FB8 /* Build configuration list for PBXNativeTarget "InkCompanionTests" */ = {
			isa = XCConfigurationList;
			buildConfigurations = (
				8B9BFE262AF20BD0005F5FB8 /* Debug */,
				8B9BFE272AF20BD0005F5FB8 /* Release */,
			);
			defaultConfigurationIsVisible = 0;
			defaultConfigurationName = Release;
		};
		8B9BFE282AF20BD0005F5FB8 /* Build configuration list for PBXNativeTarget "InkCompanionUITests" */ = {
			isa = XCConfigurationList;
			buildConfigurations = (
				8B9BFE292AF20BD0005F5FB8 /* Debug */,
				8B9BFE2A2AF20BD0005F5FB8 /* Release */,
			);
			defaultConfigurationIsVisible = 0;
			defaultConfigurationName = Release;
		};
/* End XCConfigurationList section */

/* Begin XCRemoteSwiftPackageReference section */
		8B596B942AF3D6A4006FA8F8 /* XCRemoteSwiftPackageReference "AnyCodable" */ = {
			isa = XCRemoteSwiftPackageReference;
			repositoryURL = "https://github.com/Flight-School/AnyCodable.git";
			requirement = {
				kind = upToNextMajorVersion;
				minimumVersion = 0.6.7;
			};
		};
		8B596B992AF4567D006FA8F8 /* XCRemoteSwiftPackageReference "AlertToast" */ = {
			isa = XCRemoteSwiftPackageReference;
			repositoryURL = "https://github.com/elai950/AlertToast.git";
			requirement = {
				kind = upToNextMajorVersion;
				minimumVersion = 1.3.9;
			};
		};
		8B9BFE8B2AF20C55005F5FB8 /* XCRemoteSwiftPackageReference "Kingfisher" */ = {
			isa = XCRemoteSwiftPackageReference;
			repositoryURL = "https://github.com/onevcat/Kingfisher.git";
			requirement = {
				kind = upToNextMajorVersion;
				minimumVersion = 7.10.0;
			};
		};
		8B9BFE8E2AF20C5C005F5FB8 /* XCRemoteSwiftPackageReference "SwiftyJSON" */ = {
			isa = XCRemoteSwiftPackageReference;
			repositoryURL = "https://github.com/SwiftyJSON/SwiftyJSON.git";
			requirement = {
				kind = upToNextMajorVersion;
				minimumVersion = 5.0.1;
			};
		};
/* End XCRemoteSwiftPackageReference section */

/* Begin XCSwiftPackageProductDependency section */
		8B596B952AF3D6A4006FA8F8 /* AnyCodable */ = {
			isa = XCSwiftPackageProductDependency;
			package = 8B596B942AF3D6A4006FA8F8 /* XCRemoteSwiftPackageReference "AnyCodable" */;
			productName = AnyCodable;
		};
		8B596B9A2AF4567E006FA8F8 /* AlertToast */ = {
			isa = XCSwiftPackageProductDependency;
			package = 8B596B992AF4567D006FA8F8 /* XCRemoteSwiftPackageReference "AlertToast" */;
			productName = AlertToast;
		};
		8B9BFE8C2AF20C55005F5FB8 /* Kingfisher */ = {
			isa = XCSwiftPackageProductDependency;
			package = 8B9BFE8B2AF20C55005F5FB8 /* XCRemoteSwiftPackageReference "Kingfisher" */;
			productName = Kingfisher;
		};
		8B9BFE8F2AF20C5C005F5FB8 /* SwiftyJSON */ = {
			isa = XCSwiftPackageProductDependency;
			package = 8B9BFE8E2AF20C5C005F5FB8 /* XCRemoteSwiftPackageReference "SwiftyJSON" */;
			productName = SwiftyJSON;
		};
/* End XCSwiftPackageProductDependency section */

/* Begin XCVersionGroup section */
		8B9BFDFE2AF20BCE005F5FB8 /* InkCompanion.xcdatamodeld */ = {
			isa = XCVersionGroup;
			children = (
				8B9BFDFF2AF20BCE005F5FB8 /* InkCompanion.xcdatamodel */,
			);
			currentVersion = 8B9BFDFF2AF20BCE005F5FB8 /* InkCompanion.xcdatamodel */;
			path = InkCompanion.xcdatamodeld;
			sourceTree = "<group>";
			versionGroupType = wrapper.xcdatamodel;
		};
/* End XCVersionGroup section */
	};
	rootObject = 8B9BFDEF2AF20BCE005F5FB8 /* Project object */;
}
